// !$*UTF8*$!
{
	archiveVersion = 1;
	classes = {
	};
	objectVersion = 55;
	objects = {

/* Begin PBXBuildFile section */
		07486A6ED5B1CFE549CBD500 /* Pods_YeongAppTests.framework in Frameworks */ = {isa = PBXBuildFile; fileRef = A8441175144D2C34D1584D8D /* Pods_YeongAppTests.framework */; };
		26C1E14EF4AD8AB9CAE546C6 /* Pods_YeongApp_YeongAppUITests.framework in Frameworks */ = {isa = PBXBuildFile; fileRef = 32C9041616AFA21EF07887A1 /* Pods_YeongApp_YeongAppUITests.framework */; };
		6636E112279FB6C000EA4550 /* Extension+UILabel.swift in Sources */ = {isa = PBXBuildFile; fileRef = 6636E111279FB6C000EA4550 /* Extension+UILabel.swift */; };
		66749FDF27BF5884000EB46F /* ChatView+Obs.swift in Sources */ = {isa = PBXBuildFile; fileRef = 66749FDE27BF5884000EB46F /* ChatView+Obs.swift */; };
		66749FE127BF5AEF000EB46F /* ChatView+Bind.swift in Sources */ = {isa = PBXBuildFile; fileRef = 66749FE027BF5AEF000EB46F /* ChatView+Bind.swift */; };
		66749FE427BF5C87000EB46F /* TextCell.xib in Resources */ = {isa = PBXBuildFile; fileRef = 66749FE327BF5C87000EB46F /* TextCell.xib */; };
		66749FE627BF5D6B000EB46F /* TextCell.swift in Sources */ = {isa = PBXBuildFile; fileRef = 66749FE527BF5D6B000EB46F /* TextCell.swift */; };
		66749FE827BF60F4000EB46F /* ChatView+Collection.swift in Sources */ = {isa = PBXBuildFile; fileRef = 66749FE727BF60F4000EB46F /* ChatView+Collection.swift */; };
		66749FEB27C31434000EB46F /* LikePopup.swift in Sources */ = {isa = PBXBuildFile; fileRef = 66749FEA27C31434000EB46F /* LikePopup.swift */; };
		66749FED27C31482000EB46F /* LikePopup.xib in Resources */ = {isa = PBXBuildFile; fileRef = 66749FEC27C31482000EB46F /* LikePopup.xib */; };
		6682A926279FD0000033BE63 /* Model.xcdatamodeld in Sources */ = {isa = PBXBuildFile; fileRef = 6682A924279FD0000033BE63 /* Model.xcdatamodeld */; };
		6682A94B279FD85C0033BE63 /* AppData.swift in Sources */ = {isa = PBXBuildFile; fileRef = 6682A94A279FD85C0033BE63 /* AppData.swift */; };
		6682A94D279FDF1D0033BE63 /* PersistenceManager.swift in Sources */ = {isa = PBXBuildFile; fileRef = 6682A94C279FDF1D0033BE63 /* PersistenceManager.swift */; };
		66C18B4F278BD0FB005042FE /* AppDelegate.swift in Sources */ = {isa = PBXBuildFile; fileRef = 66C18B4E278BD0FB005042FE /* AppDelegate.swift */; };
		66C18B53278BD0FB005042FE /* ViewController.swift in Sources */ = {isa = PBXBuildFile; fileRef = 66C18B52278BD0FB005042FE /* ViewController.swift */; };
		66C18B56278BD0FB005042FE /* Main.storyboard in Resources */ = {isa = PBXBuildFile; fileRef = 66C18B54278BD0FB005042FE /* Main.storyboard */; };
		66C18B58278BD0FC005042FE /* Assets.xcassets in Resources */ = {isa = PBXBuildFile; fileRef = 66C18B57278BD0FC005042FE /* Assets.xcassets */; };
		66C18B5B278BD0FC005042FE /* LaunchScreen.storyboard in Resources */ = {isa = PBXBuildFile; fileRef = 66C18B59278BD0FC005042FE /* LaunchScreen.storyboard */; };
		66C18B66278BD0FC005042FE /* YeongAppTests.swift in Sources */ = {isa = PBXBuildFile; fileRef = 66C18B65278BD0FC005042FE /* YeongAppTests.swift */; };
		66C18B70278BD0FC005042FE /* YeongAppUITests.swift in Sources */ = {isa = PBXBuildFile; fileRef = 66C18B6F278BD0FC005042FE /* YeongAppUITests.swift */; };
		66C18B96278C018C005042FE /* ChatView.swift in Sources */ = {isa = PBXBuildFile; fileRef = 66C18B94278C018C005042FE /* ChatView.swift */; };
		66C18B97278C018C005042FE /* ChatView.xib in Resources */ = {isa = PBXBuildFile; fileRef = 66C18B95278C018C005042FE /* ChatView.xib */; };
		66C18B9B278C054E005042FE /* XibView.swift in Sources */ = {isa = PBXBuildFile; fileRef = 66C18B9A278C054E005042FE /* XibView.swift */; };
		66C18B9E278C1059005042FE /* App.swift in Sources */ = {isa = PBXBuildFile; fileRef = 66C18B9D278C1059005042FE /* App.swift */; };
		66C18BA0278C106D005042FE /* Presenter.swift in Sources */ = {isa = PBXBuildFile; fileRef = 66C18B9F278C106D005042FE /* Presenter.swift */; };
		66C18BA2278C1139005042FE /* PresenterTrasnfer.swift in Sources */ = {isa = PBXBuildFile; fileRef = 66C18BA1278C1139005042FE /* PresenterTrasnfer.swift */; };
		66C18BAD278E9F04005042FE /* Extension+etc.swift in Sources */ = {isa = PBXBuildFile; fileRef = 66C18BAC278E9F04005042FE /* Extension+etc.swift */; };
		BEF313EBC049AE4BA5003B6D /* Pods_YeongApp.framework in Frameworks */ = {isa = PBXBuildFile; fileRef = 755BCBCD31F5AE7A89DA999F /* Pods_YeongApp.framework */; };
/* End PBXBuildFile section */

/* Begin PBXContainerItemProxy section */
		66C18B62278BD0FC005042FE /* PBXContainerItemProxy */ = {
			isa = PBXContainerItemProxy;
			containerPortal = 66C18B43278BD0FB005042FE /* Project object */;
			proxyType = 1;
			remoteGlobalIDString = 66C18B4A278BD0FB005042FE;
			remoteInfo = YeongApp;
		};
		66C18B6C278BD0FC005042FE /* PBXContainerItemProxy */ = {
			isa = PBXContainerItemProxy;
			containerPortal = 66C18B43278BD0FB005042FE /* Project object */;
			proxyType = 1;
			remoteGlobalIDString = 66C18B4A278BD0FB005042FE;
			remoteInfo = YeongApp;
		};
/* End PBXContainerItemProxy section */

/* Begin PBXFileReference section */
		32C9041616AFA21EF07887A1 /* Pods_YeongApp_YeongAppUITests.framework */ = {isa = PBXFileReference; explicitFileType = wrapper.framework; includeInIndex = 0; path = Pods_YeongApp_YeongAppUITests.framework; sourceTree = BUILT_PRODUCTS_DIR; };
		46BD6431D0270D615B4A5007 /* Pods-YeongApp-YeongAppUITests.release.xcconfig */ = {isa = PBXFileReference; includeInIndex = 1; lastKnownFileType = text.xcconfig; name = "Pods-YeongApp-YeongAppUITests.release.xcconfig"; path = "Target Support Files/Pods-YeongApp-YeongAppUITests/Pods-YeongApp-YeongAppUITests.release.xcconfig"; sourceTree = "<group>"; };
		4C9DCA9A9991E7F30EB15CC1 /* Pods-YeongApp.release.xcconfig */ = {isa = PBXFileReference; includeInIndex = 1; lastKnownFileType = text.xcconfig; name = "Pods-YeongApp.release.xcconfig"; path = "Target Support Files/Pods-YeongApp/Pods-YeongApp.release.xcconfig"; sourceTree = "<group>"; };
		6636E111279FB6C000EA4550 /* Extension+UILabel.swift */ = {isa = PBXFileReference; lastKnownFileType = sourcecode.swift; path = "Extension+UILabel.swift"; sourceTree = "<group>"; };
		66749FDE27BF5884000EB46F /* ChatView+Obs.swift */ = {isa = PBXFileReference; lastKnownFileType = sourcecode.swift; path = "ChatView+Obs.swift"; sourceTree = "<group>"; };
		66749FE027BF5AEF000EB46F /* ChatView+Bind.swift */ = {isa = PBXFileReference; lastKnownFileType = sourcecode.swift; path = "ChatView+Bind.swift"; sourceTree = "<group>"; };
		66749FE327BF5C87000EB46F /* TextCell.xib */ = {isa = PBXFileReference; lastKnownFileType = file.xib; path = TextCell.xib; sourceTree = "<group>"; };
		66749FE527BF5D6B000EB46F /* TextCell.swift */ = {isa = PBXFileReference; lastKnownFileType = sourcecode.swift; path = TextCell.swift; sourceTree = "<group>"; };
		66749FE727BF60F4000EB46F /* ChatView+Collection.swift */ = {isa = PBXFileReference; lastKnownFileType = sourcecode.swift; path = "ChatView+Collection.swift"; sourceTree = "<group>"; };
		66749FEA27C31434000EB46F /* LikePopup.swift */ = {isa = PBXFileReference; lastKnownFileType = sourcecode.swift; path = LikePopup.swift; sourceTree = "<group>"; };
		66749FEC27C31482000EB46F /* LikePopup.xib */ = {isa = PBXFileReference; lastKnownFileType = file.xib; path = LikePopup.xib; sourceTree = "<group>"; };
		6682A925279FD0000033BE63 /* Contact.xcdatamodel */ = {isa = PBXFileReference; lastKnownFileType = wrapper.xcdatamodel; path = Contact.xcdatamodel; sourceTree = "<group>"; };
		6682A94A279FD85C0033BE63 /* AppData.swift */ = {isa = PBXFileReference; lastKnownFileType = sourcecode.swift; path = AppData.swift; sourceTree = "<group>"; };
		6682A94C279FDF1D0033BE63 /* PersistenceManager.swift */ = {isa = PBXFileReference; lastKnownFileType = sourcecode.swift; path = PersistenceManager.swift; sourceTree = "<group>"; };
		66C18B4B278BD0FB005042FE /* YeongApp.app */ = {isa = PBXFileReference; explicitFileType = wrapper.application; includeInIndex = 0; path = YeongApp.app; sourceTree = BUILT_PRODUCTS_DIR; };
		66C18B4E278BD0FB005042FE /* AppDelegate.swift */ = {isa = PBXFileReference; lastKnownFileType = sourcecode.swift; path = AppDelegate.swift; sourceTree = "<group>"; };
		66C18B52278BD0FB005042FE /* ViewController.swift */ = {isa = PBXFileReference; lastKnownFileType = sourcecode.swift; path = ViewController.swift; sourceTree = "<group>"; };
		66C18B55278BD0FB005042FE /* Base */ = {isa = PBXFileReference; lastKnownFileType = file.storyboard; name = Base; path = Base.lproj/Main.storyboard; sourceTree = "<group>"; };
		66C18B57278BD0FC005042FE /* Assets.xcassets */ = {isa = PBXFileReference; lastKnownFileType = folder.assetcatalog; path = Assets.xcassets; sourceTree = "<group>"; };
		66C18B5A278BD0FC005042FE /* Base */ = {isa = PBXFileReference; lastKnownFileType = file.storyboard; name = Base; path = Base.lproj/LaunchScreen.storyboard; sourceTree = "<group>"; };
		66C18B5C278BD0FC005042FE /* Info.plist */ = {isa = PBXFileReference; lastKnownFileType = text.plist.xml; path = Info.plist; sourceTree = "<group>"; };
		66C18B61278BD0FC005042FE /* YeongAppTests.xctest */ = {isa = PBXFileReference; explicitFileType = wrapper.cfbundle; includeInIndex = 0; path = YeongAppTests.xctest; sourceTree = BUILT_PRODUCTS_DIR; };
		66C18B65278BD0FC005042FE /* YeongAppTests.swift */ = {isa = PBXFileReference; lastKnownFileType = sourcecode.swift; path = YeongAppTests.swift; sourceTree = "<group>"; };
		66C18B6B278BD0FC005042FE /* YeongAppUITests.xctest */ = {isa = PBXFileReference; explicitFileType = wrapper.cfbundle; includeInIndex = 0; path = YeongAppUITests.xctest; sourceTree = BUILT_PRODUCTS_DIR; };
		66C18B6F278BD0FC005042FE /* YeongAppUITests.swift */ = {isa = PBXFileReference; lastKnownFileType = sourcecode.swift; path = YeongAppUITests.swift; sourceTree = "<group>"; };
		66C18B94278C018C005042FE /* ChatView.swift */ = {isa = PBXFileReference; fileEncoding = 4; lastKnownFileType = sourcecode.swift; path = ChatView.swift; sourceTree = "<group>"; };
		66C18B95278C018C005042FE /* ChatView.xib */ = {isa = PBXFileReference; fileEncoding = 4; lastKnownFileType = file.xib; path = ChatView.xib; sourceTree = "<group>"; };
		66C18B9A278C054E005042FE /* XibView.swift */ = {isa = PBXFileReference; lastKnownFileType = sourcecode.swift; path = XibView.swift; sourceTree = "<group>"; };
		66C18B9D278C1059005042FE /* App.swift */ = {isa = PBXFileReference; lastKnownFileType = sourcecode.swift; path = App.swift; sourceTree = "<group>"; };
		66C18B9F278C106D005042FE /* Presenter.swift */ = {isa = PBXFileReference; lastKnownFileType = sourcecode.swift; path = Presenter.swift; sourceTree = "<group>"; };
		66C18BA1278C1139005042FE /* PresenterTrasnfer.swift */ = {isa = PBXFileReference; lastKnownFileType = sourcecode.swift; path = PresenterTrasnfer.swift; sourceTree = "<group>"; };
		66C18BAC278E9F04005042FE /* Extension+etc.swift */ = {isa = PBXFileReference; lastKnownFileType = sourcecode.swift; path = "Extension+etc.swift"; sourceTree = "<group>"; };
		67FC4D64C8570F58C24602F6 /* Pods-YeongAppTests.debug.xcconfig */ = {isa = PBXFileReference; includeInIndex = 1; lastKnownFileType = text.xcconfig; name = "Pods-YeongAppTests.debug.xcconfig"; path = "Target Support Files/Pods-YeongAppTests/Pods-YeongAppTests.debug.xcconfig"; sourceTree = "<group>"; };
		7379CA304159A613188B47B7 /* Pods-YeongApp.debug.xcconfig */ = {isa = PBXFileReference; includeInIndex = 1; lastKnownFileType = text.xcconfig; name = "Pods-YeongApp.debug.xcconfig"; path = "Target Support Files/Pods-YeongApp/Pods-YeongApp.debug.xcconfig"; sourceTree = "<group>"; };
		755BCBCD31F5AE7A89DA999F /* Pods_YeongApp.framework */ = {isa = PBXFileReference; explicitFileType = wrapper.framework; includeInIndex = 0; path = Pods_YeongApp.framework; sourceTree = BUILT_PRODUCTS_DIR; };
		A8441175144D2C34D1584D8D /* Pods_YeongAppTests.framework */ = {isa = PBXFileReference; explicitFileType = wrapper.framework; includeInIndex = 0; path = Pods_YeongAppTests.framework; sourceTree = BUILT_PRODUCTS_DIR; };
		B6209A4428E43F582750C1B3 /* Pods-YeongAppTests.release.xcconfig */ = {isa = PBXFileReference; includeInIndex = 1; lastKnownFileType = text.xcconfig; name = "Pods-YeongAppTests.release.xcconfig"; path = "Target Support Files/Pods-YeongAppTests/Pods-YeongAppTests.release.xcconfig"; sourceTree = "<group>"; };
		EDDFA3343FB2D2383A388A08 /* Pods-YeongApp-YeongAppUITests.debug.xcconfig */ = {isa = PBXFileReference; includeInIndex = 1; lastKnownFileType = text.xcconfig; name = "Pods-YeongApp-YeongAppUITests.debug.xcconfig"; path = "Target Support Files/Pods-YeongApp-YeongAppUITests/Pods-YeongApp-YeongAppUITests.debug.xcconfig"; sourceTree = "<group>"; };
/* End PBXFileReference section */

/* Begin PBXFrameworksBuildPhase section */
		66C18B48278BD0FB005042FE /* Frameworks */ = {
			isa = PBXFrameworksBuildPhase;
			buildActionMask = 2147483647;
			files = (
				BEF313EBC049AE4BA5003B6D /* Pods_YeongApp.framework in Frameworks */,
			);
			runOnlyForDeploymentPostprocessing = 0;
		};
		66C18B5E278BD0FC005042FE /* Frameworks */ = {
			isa = PBXFrameworksBuildPhase;
			buildActionMask = 2147483647;
			files = (
				07486A6ED5B1CFE549CBD500 /* Pods_YeongAppTests.framework in Frameworks */,
			);
			runOnlyForDeploymentPostprocessing = 0;
		};
		66C18B68278BD0FC005042FE /* Frameworks */ = {
			isa = PBXFrameworksBuildPhase;
			buildActionMask = 2147483647;
			files = (
				26C1E14EF4AD8AB9CAE546C6 /* Pods_YeongApp_YeongAppUITests.framework in Frameworks */,
			);
			runOnlyForDeploymentPostprocessing = 0;
		};
/* End PBXFrameworksBuildPhase section */

/* Begin PBXGroup section */
		66749FE227BF5C70000EB46F /* Cells */ = {
			isa = PBXGroup;
			children = (
				66749FE327BF5C87000EB46F /* TextCell.xib */,
				66749FE527BF5D6B000EB46F /* TextCell.swift */,
			);
			path = Cells;
			sourceTree = "<group>";
		};
		66749FE927C31420000EB46F /* LikePopUp */ = {
			isa = PBXGroup;
			children = (
				66749FEA27C31434000EB46F /* LikePopup.swift */,
				66749FEC27C31482000EB46F /* LikePopup.xib */,
			);
			path = LikePopUp;
			sourceTree = "<group>";
		};
		66C18B42278BD0FB005042FE = {
			isa = PBXGroup;
			children = (
				66C18B4D278BD0FB005042FE /* YeongApp */,
				66C18B64278BD0FC005042FE /* YeongAppTests */,
				66C18B6E278BD0FC005042FE /* YeongAppUITests */,
				66C18B4C278BD0FB005042FE /* Products */,
				D8869896B22ADE1A6EB9E982 /* Pods */,
				B3A531C549BA8C3EDE87C9EF /* Frameworks */,
			);
			sourceTree = "<group>";
		};
		66C18B4C278BD0FB005042FE /* Products */ = {
			isa = PBXGroup;
			children = (
				66C18B4B278BD0FB005042FE /* YeongApp.app */,
				66C18B61278BD0FC005042FE /* YeongAppTests.xctest */,
				66C18B6B278BD0FC005042FE /* YeongAppUITests.xctest */,
			);
			name = Products;
			sourceTree = "<group>";
		};
		66C18B4D278BD0FB005042FE /* YeongApp */ = {
			isa = PBXGroup;
			children = (
				66C18BAB278E9ECC005042FE /* Extension */,
				66C18B9C278C104B005042FE /* CoreModule */,
				66C18B98278C0542005042FE /* Generals */,
				66C18B93278C018C005042FE /* ChatView */,
				66749FE927C31420000EB46F /* LikePopUp */,
				66C18B4E278BD0FB005042FE /* AppDelegate.swift */,
				66C18B52278BD0FB005042FE /* ViewController.swift */,
				66C18B54278BD0FB005042FE /* Main.storyboard */,
				66C18B57278BD0FC005042FE /* Assets.xcassets */,
				66C18B59278BD0FC005042FE /* LaunchScreen.storyboard */,
				66C18B5C278BD0FC005042FE /* Info.plist */,
			);
			path = YeongApp;
			sourceTree = "<group>";
		};
		66C18B64278BD0FC005042FE /* YeongAppTests */ = {
			isa = PBXGroup;
			children = (
				66C18B65278BD0FC005042FE /* YeongAppTests.swift */,
			);
			path = YeongAppTests;
			sourceTree = "<group>";
		};
		66C18B6E278BD0FC005042FE /* YeongAppUITests */ = {
			isa = PBXGroup;
			children = (
				66C18B6F278BD0FC005042FE /* YeongAppUITests.swift */,
			);
			path = YeongAppUITests;
			sourceTree = "<group>";
		};
		66C18B93278C018C005042FE /* ChatView */ = {
			isa = PBXGroup;
			children = (
				66749FE227BF5C70000EB46F /* Cells */,
				66C18B94278C018C005042FE /* ChatView.swift */,
				66749FE727BF60F4000EB46F /* ChatView+Collection.swift */,
				66749FE027BF5AEF000EB46F /* ChatView+Bind.swift */,
				66749FDE27BF5884000EB46F /* ChatView+Obs.swift */,
				66C18B95278C018C005042FE /* ChatView.xib */,
				6682A924279FD0000033BE63 /* Model.xcdatamodeld */,
			);
			path = ChatView;
			sourceTree = "<group>";
		};
		66C18B98278C0542005042FE /* Generals */ = {
			isa = PBXGroup;
			children = (
				66C18B99278C0547005042FE /* UI */,
			);
			path = Generals;
			sourceTree = "<group>";
		};
		66C18B99278C0547005042FE /* UI */ = {
			isa = PBXGroup;
			children = (
				66C18B9A278C054E005042FE /* XibView.swift */,
			);
			path = UI;
			sourceTree = "<group>";
		};
		66C18B9C278C104B005042FE /* CoreModule */ = {
			isa = PBXGroup;
			children = (
				66C18B9D278C1059005042FE /* App.swift */,
				6682A94A279FD85C0033BE63 /* AppData.swift */,
				6682A94C279FDF1D0033BE63 /* PersistenceManager.swift */,
				66C18B9F278C106D005042FE /* Presenter.swift */,
				66C18BA1278C1139005042FE /* PresenterTrasnfer.swift */,
			);
			path = CoreModule;
			sourceTree = "<group>";
		};
		66C18BAB278E9ECC005042FE /* Extension */ = {
			isa = PBXGroup;
			children = (
				66C18BAC278E9F04005042FE /* Extension+etc.swift */,
				6636E111279FB6C000EA4550 /* Extension+UILabel.swift */,
			);
			path = Extension;
			sourceTree = "<group>";
		};
		B3A531C549BA8C3EDE87C9EF /* Frameworks */ = {
			isa = PBXGroup;
			children = (
				755BCBCD31F5AE7A89DA999F /* Pods_YeongApp.framework */,
				32C9041616AFA21EF07887A1 /* Pods_YeongApp_YeongAppUITests.framework */,
				A8441175144D2C34D1584D8D /* Pods_YeongAppTests.framework */,
			);
			name = Frameworks;
			sourceTree = "<group>";
		};
		D8869896B22ADE1A6EB9E982 /* Pods */ = {
			isa = PBXGroup;
			children = (
				7379CA304159A613188B47B7 /* Pods-YeongApp.debug.xcconfig */,
				4C9DCA9A9991E7F30EB15CC1 /* Pods-YeongApp.release.xcconfig */,
				EDDFA3343FB2D2383A388A08 /* Pods-YeongApp-YeongAppUITests.debug.xcconfig */,
				46BD6431D0270D615B4A5007 /* Pods-YeongApp-YeongAppUITests.release.xcconfig */,
				67FC4D64C8570F58C24602F6 /* Pods-YeongAppTests.debug.xcconfig */,
				B6209A4428E43F582750C1B3 /* Pods-YeongAppTests.release.xcconfig */,
			);
			path = Pods;
			sourceTree = "<group>";
		};
/* End PBXGroup section */

/* Begin PBXNativeTarget section */
		66C18B4A278BD0FB005042FE /* YeongApp */ = {
			isa = PBXNativeTarget;
			buildConfigurationList = 66C18B75278BD0FC005042FE /* Build configuration list for PBXNativeTarget "YeongApp" */;
			buildPhases = (
				D02A5FE4E324ADB511D69FA9 /* [CP] Check Pods Manifest.lock */,
				66C18B47278BD0FB005042FE /* Sources */,
				66C18B48278BD0FB005042FE /* Frameworks */,
				66C18B49278BD0FB005042FE /* Resources */,
				6728127934EBEB8EE06D1E48 /* [CP] Embed Pods Frameworks */,
			);
			buildRules = (
			);
			dependencies = (
			);
			name = YeongApp;
			productName = YeongApp;
			productReference = 66C18B4B278BD0FB005042FE /* YeongApp.app */;
			productType = "com.apple.product-type.application";
		};
		66C18B60278BD0FC005042FE /* YeongAppTests */ = {
			isa = PBXNativeTarget;
			buildConfigurationList = 66C18B78278BD0FC005042FE /* Build configuration list for PBXNativeTarget "YeongAppTests" */;
			buildPhases = (
				647746AD02A4D5A3953D4E26 /* [CP] Check Pods Manifest.lock */,
				66C18B5D278BD0FC005042FE /* Sources */,
				66C18B5E278BD0FC005042FE /* Frameworks */,
				66C18B5F278BD0FC005042FE /* Resources */,
			);
			buildRules = (
			);
			dependencies = (
				66C18B63278BD0FC005042FE /* PBXTargetDependency */,
			);
			name = YeongAppTests;
			productName = YeongAppTests;
			productReference = 66C18B61278BD0FC005042FE /* YeongAppTests.xctest */;
			productType = "com.apple.product-type.bundle.unit-test";
		};
		66C18B6A278BD0FC005042FE /* YeongAppUITests */ = {
			isa = PBXNativeTarget;
			buildConfigurationList = 66C18B7B278BD0FC005042FE /* Build configuration list for PBXNativeTarget "YeongAppUITests" */;
			buildPhases = (
				AAE488DE64D5D7236D9141EF /* [CP] Check Pods Manifest.lock */,
				66C18B67278BD0FC005042FE /* Sources */,
				66C18B68278BD0FC005042FE /* Frameworks */,
				66C18B69278BD0FC005042FE /* Resources */,
				FAF3C8E80EAB909F28DDA39E /* [CP] Embed Pods Frameworks */,
			);
			buildRules = (
			);
			dependencies = (
				66C18B6D278BD0FC005042FE /* PBXTargetDependency */,
			);
			name = YeongAppUITests;
			productName = YeongAppUITests;
			productReference = 66C18B6B278BD0FC005042FE /* YeongAppUITests.xctest */;
			productType = "com.apple.product-type.bundle.ui-testing";
		};
/* End PBXNativeTarget section */

/* Begin PBXProject section */
		66C18B43278BD0FB005042FE /* Project object */ = {
			isa = PBXProject;
			attributes = {
				BuildIndependentTargetsInParallel = 1;
				LastSwiftUpdateCheck = 1310;
				LastUpgradeCheck = 1310;
				TargetAttributes = {
					66C18B4A278BD0FB005042FE = {
						CreatedOnToolsVersion = 13.1;
					};
					66C18B60278BD0FC005042FE = {
						CreatedOnToolsVersion = 13.1;
						TestTargetID = 66C18B4A278BD0FB005042FE;
					};
					66C18B6A278BD0FC005042FE = {
						CreatedOnToolsVersion = 13.1;
						TestTargetID = 66C18B4A278BD0FB005042FE;
					};
				};
			};
			buildConfigurationList = 66C18B46278BD0FB005042FE /* Build configuration list for PBXProject "YeongApp" */;
			compatibilityVersion = "Xcode 13.0";
			developmentRegion = en;
			hasScannedForEncodings = 0;
			knownRegions = (
				en,
				Base,
			);
			mainGroup = 66C18B42278BD0FB005042FE;
			productRefGroup = 66C18B4C278BD0FB005042FE /* Products */;
			projectDirPath = "";
			projectRoot = "";
			targets = (
				66C18B4A278BD0FB005042FE /* YeongApp */,
				66C18B60278BD0FC005042FE /* YeongAppTests */,
				66C18B6A278BD0FC005042FE /* YeongAppUITests */,
			);
		};
/* End PBXProject section */

/* Begin PBXResourcesBuildPhase section */
		66C18B49278BD0FB005042FE /* Resources */ = {
			isa = PBXResourcesBuildPhase;
			buildActionMask = 2147483647;
			files = (
				66C18B97278C018C005042FE /* ChatView.xib in Resources */,
				66749FED27C31482000EB46F /* LikePopup.xib in Resources */,
				66C18B5B278BD0FC005042FE /* LaunchScreen.storyboard in Resources */,
				66749FE427BF5C87000EB46F /* TextCell.xib in Resources */,
				66C18B58278BD0FC005042FE /* Assets.xcassets in Resources */,
				66C18B56278BD0FB005042FE /* Main.storyboard in Resources */,
			);
			runOnlyForDeploymentPostprocessing = 0;
		};
		66C18B5F278BD0FC005042FE /* Resources */ = {
			isa = PBXResourcesBuildPhase;
			buildActionMask = 2147483647;
			files = (
			);
			runOnlyForDeploymentPostprocessing = 0;
		};
		66C18B69278BD0FC005042FE /* Resources */ = {
			isa = PBXResourcesBuildPhase;
			buildActionMask = 2147483647;
			files = (
			);
			runOnlyForDeploymentPostprocessing = 0;
		};
/* End PBXResourcesBuildPhase section */

/* Begin PBXShellScriptBuildPhase section */
		647746AD02A4D5A3953D4E26 /* [CP] Check Pods Manifest.lock */ = {
			isa = PBXShellScriptBuildPhase;
			buildActionMask = 2147483647;
			files = (
			);
			inputFileListPaths = (
			);
			inputPaths = (
				"${PODS_PODFILE_DIR_PATH}/Podfile.lock",
				"${PODS_ROOT}/Manifest.lock",
			);
			name = "[CP] Check Pods Manifest.lock";
			outputFileListPaths = (
			);
			outputPaths = (
				"$(DERIVED_FILE_DIR)/Pods-YeongAppTests-checkManifestLockResult.txt",
			);
			runOnlyForDeploymentPostprocessing = 0;
			shellPath = /bin/sh;
			shellScript = "diff \"${PODS_PODFILE_DIR_PATH}/Podfile.lock\" \"${PODS_ROOT}/Manifest.lock\" > /dev/null\nif [ $? != 0 ] ; then\n    # print error to STDERR\n    echo \"error: The sandbox is not in sync with the Podfile.lock. Run 'pod install' or update your CocoaPods installation.\" >&2\n    exit 1\nfi\n# This output is used by Xcode 'outputs' to avoid re-running this script phase.\necho \"SUCCESS\" > \"${SCRIPT_OUTPUT_FILE_0}\"\n";
			showEnvVarsInLog = 0;
		};
		6728127934EBEB8EE06D1E48 /* [CP] Embed Pods Frameworks */ = {
			isa = PBXShellScriptBuildPhase;
			buildActionMask = 2147483647;
			files = (
			);
			inputFileListPaths = (
				"${PODS_ROOT}/Target Support Files/Pods-YeongApp/Pods-YeongApp-frameworks-${CONFIGURATION}-input-files.xcfilelist",
			);
			name = "[CP] Embed Pods Frameworks";
			outputFileListPaths = (
				"${PODS_ROOT}/Target Support Files/Pods-YeongApp/Pods-YeongApp-frameworks-${CONFIGURATION}-output-files.xcfilelist",
			);
			runOnlyForDeploymentPostprocessing = 0;
			shellPath = /bin/sh;
			shellScript = "\"${PODS_ROOT}/Target Support Files/Pods-YeongApp/Pods-YeongApp-frameworks.sh\"\n";
			showEnvVarsInLog = 0;
		};
		AAE488DE64D5D7236D9141EF /* [CP] Check Pods Manifest.lock */ = {
			isa = PBXShellScriptBuildPhase;
			buildActionMask = 2147483647;
			files = (
			);
			inputFileListPaths = (
			);
			inputPaths = (
				"${PODS_PODFILE_DIR_PATH}/Podfile.lock",
				"${PODS_ROOT}/Manifest.lock",
			);
			name = "[CP] Check Pods Manifest.lock";
			outputFileListPaths = (
			);
			outputPaths = (
				"$(DERIVED_FILE_DIR)/Pods-YeongApp-YeongAppUITests-checkManifestLockResult.txt",
			);
			runOnlyForDeploymentPostprocessing = 0;
			shellPath = /bin/sh;
			shellScript = "diff \"${PODS_PODFILE_DIR_PATH}/Podfile.lock\" \"${PODS_ROOT}/Manifest.lock\" > /dev/null\nif [ $? != 0 ] ; then\n    # print error to STDERR\n    echo \"error: The sandbox is not in sync with the Podfile.lock. Run 'pod install' or update your CocoaPods installation.\" >&2\n    exit 1\nfi\n# This output is used by Xcode 'outputs' to avoid re-running this script phase.\necho \"SUCCESS\" > \"${SCRIPT_OUTPUT_FILE_0}\"\n";
			showEnvVarsInLog = 0;
		};
		D02A5FE4E324ADB511D69FA9 /* [CP] Check Pods Manifest.lock */ = {
			isa = PBXShellScriptBuildPhase;
			buildActionMask = 2147483647;
			files = (
			);
			inputFileListPaths = (
			);
			inputPaths = (
				"${PODS_PODFILE_DIR_PATH}/Podfile.lock",
				"${PODS_ROOT}/Manifest.lock",
			);
			name = "[CP] Check Pods Manifest.lock";
			outputFileListPaths = (
			);
			outputPaths = (
				"$(DERIVED_FILE_DIR)/Pods-YeongApp-checkManifestLockResult.txt",
			);
			runOnlyForDeploymentPostprocessing = 0;
			shellPath = /bin/sh;
			shellScript = "diff \"${PODS_PODFILE_DIR_PATH}/Podfile.lock\" \"${PODS_ROOT}/Manifest.lock\" > /dev/null\nif [ $? != 0 ] ; then\n    # print error to STDERR\n    echo \"error: The sandbox is not in sync with the Podfile.lock. Run 'pod install' or update your CocoaPods installation.\" >&2\n    exit 1\nfi\n# This output is used by Xcode 'outputs' to avoid re-running this script phase.\necho \"SUCCESS\" > \"${SCRIPT_OUTPUT_FILE_0}\"\n";
			showEnvVarsInLog = 0;
		};
		FAF3C8E80EAB909F28DDA39E /* [CP] Embed Pods Frameworks */ = {
			isa = PBXShellScriptBuildPhase;
			buildActionMask = 2147483647;
			files = (
			);
			inputFileListPaths = (
				"${PODS_ROOT}/Target Support Files/Pods-YeongApp-YeongAppUITests/Pods-YeongApp-YeongAppUITests-frameworks-${CONFIGURATION}-input-files.xcfilelist",
			);
			name = "[CP] Embed Pods Frameworks";
			outputFileListPaths = (
				"${PODS_ROOT}/Target Support Files/Pods-YeongApp-YeongAppUITests/Pods-YeongApp-YeongAppUITests-frameworks-${CONFIGURATION}-output-files.xcfilelist",
			);
			runOnlyForDeploymentPostprocessing = 0;
			shellPath = /bin/sh;
			shellScript = "\"${PODS_ROOT}/Target Support Files/Pods-YeongApp-YeongAppUITests/Pods-YeongApp-YeongAppUITests-frameworks.sh\"\n";
			showEnvVarsInLog = 0;
		};
/* End PBXShellScriptBuildPhase section */

/* Begin PBXSourcesBuildPhase section */
		66C18B47278BD0FB005042FE /* Sources */ = {
			isa = PBXSourcesBuildPhase;
			buildActionMask = 2147483647;
			files = (
				66C18BA0278C106D005042FE /* Presenter.swift in Sources */,
				66C18B53278BD0FB005042FE /* ViewController.swift in Sources */,
				66C18BAD278E9F04005042FE /* Extension+etc.swift in Sources */,
				6682A94D279FDF1D0033BE63 /* PersistenceManager.swift in Sources */,
				6682A94B279FD85C0033BE63 /* AppData.swift in Sources */,
				66C18B96278C018C005042FE /* ChatView.swift in Sources */,
				66749FE827BF60F4000EB46F /* ChatView+Collection.swift in Sources */,
				66C18BA2278C1139005042FE /* PresenterTrasnfer.swift in Sources */,
				66C18B9B278C054E005042FE /* XibView.swift in Sources */,
				66749FDF27BF5884000EB46F /* ChatView+Obs.swift in Sources */,
				66749FEB27C31434000EB46F /* LikePopup.swift in Sources */,
				66749FE127BF5AEF000EB46F /* ChatView+Bind.swift in Sources */,
				66749FE627BF5D6B000EB46F /* TextCell.swift in Sources */,
				6682A926279FD0000033BE63 /* Model.xcdatamodeld in Sources */,
				6636E112279FB6C000EA4550 /* Extension+UILabel.swift in Sources */,
				66C18B9E278C1059005042FE /* App.swift in Sources */,
				66C18B4F278BD0FB005042FE /* AppDelegate.swift in Sources */,
			);
			runOnlyForDeploymentPostprocessing = 0;
		};
		66C18B5D278BD0FC005042FE /* Sources */ = {
			isa = PBXSourcesBuildPhase;
			buildActionMask = 2147483647;
			files = (
				66C18B66278BD0FC005042FE /* YeongAppTests.swift in Sources */,
			);
			runOnlyForDeploymentPostprocessing = 0;
		};
		66C18B67278BD0FC005042FE /* Sources */ = {
			isa = PBXSourcesBuildPhase;
			buildActionMask = 2147483647;
			files = (
				66C18B70278BD0FC005042FE /* YeongAppUITests.swift in Sources */,
			);
			runOnlyForDeploymentPostprocessing = 0;
		};
/* End PBXSourcesBuildPhase section */

/* Begin PBXTargetDependency section */
		66C18B63278BD0FC005042FE /* PBXTargetDependency */ = {
			isa = PBXTargetDependency;
			target = 66C18B4A278BD0FB005042FE /* YeongApp */;
			targetProxy = 66C18B62278BD0FC005042FE /* PBXContainerItemProxy */;
		};
		66C18B6D278BD0FC005042FE /* PBXTargetDependency */ = {
			isa = PBXTargetDependency;
			target = 66C18B4A278BD0FB005042FE /* YeongApp */;
			targetProxy = 66C18B6C278BD0FC005042FE /* PBXContainerItemProxy */;
		};
/* End PBXTargetDependency section */

/* Begin PBXVariantGroup section */
		66C18B54278BD0FB005042FE /* Main.storyboard */ = {
			isa = PBXVariantGroup;
			children = (
				66C18B55278BD0FB005042FE /* Base */,
			);
			name = Main.storyboard;
			sourceTree = "<group>";
		};
		66C18B59278BD0FC005042FE /* LaunchScreen.storyboard */ = {
			isa = PBXVariantGroup;
			children = (
				66C18B5A278BD0FC005042FE /* Base */,
			);
			name = LaunchScreen.storyboard;
			sourceTree = "<group>";
		};
/* End PBXVariantGroup section */

/* Begin XCBuildConfiguration section */
		66C18B73278BD0FC005042FE /* Debug */ = {
			isa = XCBuildConfiguration;
			buildSettings = {
				ALWAYS_SEARCH_USER_PATHS = NO;
				CLANG_ANALYZER_NONNULL = YES;
				CLANG_ANALYZER_NUMBER_OBJECT_CONVERSION = YES_AGGRESSIVE;
				CLANG_CXX_LANGUAGE_STANDARD = "gnu++17";
				CLANG_CXX_LIBRARY = "libc++";
				CLANG_ENABLE_MODULES = YES;
				CLANG_ENABLE_OBJC_ARC = YES;
				CLANG_ENABLE_OBJC_WEAK = YES;
				CLANG_WARN_BLOCK_CAPTURE_AUTORELEASING = YES;
				CLANG_WARN_BOOL_CONVERSION = YES;
				CLANG_WARN_COMMA = YES;
				CLANG_WARN_CONSTANT_CONVERSION = YES;
				CLANG_WARN_DEPRECATED_OBJC_IMPLEMENTATIONS = YES;
				CLANG_WARN_DIRECT_OBJC_ISA_USAGE = YES_ERROR;
				CLANG_WARN_DOCUMENTATION_COMMENTS = YES;
				CLANG_WARN_EMPTY_BODY = YES;
				CLANG_WARN_ENUM_CONVERSION = YES;
				CLANG_WARN_INFINITE_RECURSION = YES;
				CLANG_WARN_INT_CONVERSION = YES;
				CLANG_WARN_NON_LITERAL_NULL_CONVERSION = YES;
				CLANG_WARN_OBJC_IMPLICIT_RETAIN_SELF = YES;
				CLANG_WARN_OBJC_LITERAL_CONVERSION = YES;
				CLANG_WARN_OBJC_ROOT_CLASS = YES_ERROR;
				CLANG_WARN_QUOTED_INCLUDE_IN_FRAMEWORK_HEADER = YES;
				CLANG_WARN_RANGE_LOOP_ANALYSIS = YES;
				CLANG_WARN_STRICT_PROTOTYPES = YES;
				CLANG_WARN_SUSPICIOUS_MOVE = YES;
				CLANG_WARN_UNGUARDED_AVAILABILITY = YES_AGGRESSIVE;
				CLANG_WARN_UNREACHABLE_CODE = YES;
				CLANG_WARN__DUPLICATE_METHOD_MATCH = YES;
				COPY_PHASE_STRIP = NO;
				DEBUG_INFORMATION_FORMAT = dwarf;
				ENABLE_STRICT_OBJC_MSGSEND = YES;
				ENABLE_TESTABILITY = YES;
				GCC_C_LANGUAGE_STANDARD = gnu11;
				GCC_DYNAMIC_NO_PIC = NO;
				GCC_NO_COMMON_BLOCKS = YES;
				GCC_OPTIMIZATION_LEVEL = 0;
				GCC_PREPROCESSOR_DEFINITIONS = (
					"DEBUG=1",
					"$(inherited)",
				);
				GCC_WARN_64_TO_32_BIT_CONVERSION = YES;
				GCC_WARN_ABOUT_RETURN_TYPE = YES_ERROR;
				GCC_WARN_UNDECLARED_SELECTOR = YES;
				GCC_WARN_UNINITIALIZED_AUTOS = YES_AGGRESSIVE;
				GCC_WARN_UNUSED_FUNCTION = YES;
				GCC_WARN_UNUSED_VARIABLE = YES;
				IPHONEOS_DEPLOYMENT_TARGET = 12.0;
				MTL_ENABLE_DEBUG_INFO = INCLUDE_SOURCE;
				MTL_FAST_MATH = YES;
				ONLY_ACTIVE_ARCH = YES;
				SDKROOT = iphoneos;
				SWIFT_ACTIVE_COMPILATION_CONDITIONS = DEBUG;
				SWIFT_OPTIMIZATION_LEVEL = "-Onone";
			};
			name = Debug;
		};
		66C18B74278BD0FC005042FE /* Release */ = {
			isa = XCBuildConfiguration;
			buildSettings = {
				ALWAYS_SEARCH_USER_PATHS = NO;
				CLANG_ANALYZER_NONNULL = YES;
				CLANG_ANALYZER_NUMBER_OBJECT_CONVERSION = YES_AGGRESSIVE;
				CLANG_CXX_LANGUAGE_STANDARD = "gnu++17";
				CLANG_CXX_LIBRARY = "libc++";
				CLANG_ENABLE_MODULES = YES;
				CLANG_ENABLE_OBJC_ARC = YES;
				CLANG_ENABLE_OBJC_WEAK = YES;
				CLANG_WARN_BLOCK_CAPTURE_AUTORELEASING = YES;
				CLANG_WARN_BOOL_CONVERSION = YES;
				CLANG_WARN_COMMA = YES;
				CLANG_WARN_CONSTANT_CONVERSION = YES;
				CLANG_WARN_DEPRECATED_OBJC_IMPLEMENTATIONS = YES;
				CLANG_WARN_DIRECT_OBJC_ISA_USAGE = YES_ERROR;
				CLANG_WARN_DOCUMENTATION_COMMENTS = YES;
				CLANG_WARN_EMPTY_BODY = YES;
				CLANG_WARN_ENUM_CONVERSION = YES;
				CLANG_WARN_INFINITE_RECURSION = YES;
				CLANG_WARN_INT_CONVERSION = YES;
				CLANG_WARN_NON_LITERAL_NULL_CONVERSION = YES;
				CLANG_WARN_OBJC_IMPLICIT_RETAIN_SELF = YES;
				CLANG_WARN_OBJC_LITERAL_CONVERSION = YES;
				CLANG_WARN_OBJC_ROOT_CLASS = YES_ERROR;
				CLANG_WARN_QUOTED_INCLUDE_IN_FRAMEWORK_HEADER = YES;
				CLANG_WARN_RANGE_LOOP_ANALYSIS = YES;
				CLANG_WARN_STRICT_PROTOTYPES = YES;
				CLANG_WARN_SUSPICIOUS_MOVE = YES;
				CLANG_WARN_UNGUARDED_AVAILABILITY = YES_AGGRESSIVE;
				CLANG_WARN_UNREACHABLE_CODE = YES;
				CLANG_WARN__DUPLICATE_METHOD_MATCH = YES;
				COPY_PHASE_STRIP = NO;
				DEBUG_INFORMATION_FORMAT = "dwarf-with-dsym";
				ENABLE_NS_ASSERTIONS = NO;
				ENABLE_STRICT_OBJC_MSGSEND = YES;
				GCC_C_LANGUAGE_STANDARD = gnu11;
				GCC_NO_COMMON_BLOCKS = YES;
				GCC_WARN_64_TO_32_BIT_CONVERSION = YES;
				GCC_WARN_ABOUT_RETURN_TYPE = YES_ERROR;
				GCC_WARN_UNDECLARED_SELECTOR = YES;
				GCC_WARN_UNINITIALIZED_AUTOS = YES_AGGRESSIVE;
				GCC_WARN_UNUSED_FUNCTION = YES;
				GCC_WARN_UNUSED_VARIABLE = YES;
				IPHONEOS_DEPLOYMENT_TARGET = 12.0;
				MTL_ENABLE_DEBUG_INFO = NO;
				MTL_FAST_MATH = YES;
				SDKROOT = iphoneos;
				SWIFT_COMPILATION_MODE = wholemodule;
				SWIFT_OPTIMIZATION_LEVEL = "-O";
				VALIDATE_PRODUCT = YES;
			};
			name = Release;
		};
		66C18B76278BD0FC005042FE /* Debug */ = {
			isa = XCBuildConfiguration;
			baseConfigurationReference = 7379CA304159A613188B47B7 /* Pods-YeongApp.debug.xcconfig */;
			buildSettings = {
				ASSETCATALOG_COMPILER_APPICON_NAME = AppIcon;
				ASSETCATALOG_COMPILER_GLOBAL_ACCENT_COLOR_NAME = AccentColor;
				CODE_SIGN_STYLE = Automatic;
				CURRENT_PROJECT_VERSION = 1;
				DEVELOPMENT_TEAM = 4LSK5RV54C;
				GENERATE_INFOPLIST_FILE = YES;
				INFOPLIST_FILE = YeongApp/Info.plist;
				INFOPLIST_KEY_UIApplicationSupportsIndirectInputEvents = YES;
				INFOPLIST_KEY_UILaunchStoryboardName = LaunchScreen;
				INFOPLIST_KEY_UIMainStoryboardFile = Main;
				INFOPLIST_KEY_UISupportedInterfaceOrientations_iPad = "UIInterfaceOrientationPortrait UIInterfaceOrientationPortraitUpsideDown UIInterfaceOrientationLandscapeLeft UIInterfaceOrientationLandscapeRight";
				INFOPLIST_KEY_UISupportedInterfaceOrientations_iPhone = "UIInterfaceOrientationPortrait UIInterfaceOrientationLandscapeLeft UIInterfaceOrientationLandscapeRight";
				IPHONEOS_DEPLOYMENT_TARGET = 12.0;
				LD_RUNPATH_SEARCH_PATHS = (
					"$(inherited)",
					"@executable_path/Frameworks",
				);
				MARKETING_VERSION = 1.0;
				PRODUCT_BUNDLE_IDENTIFIER = com.yeong.YeongApp;
				PRODUCT_NAME = "$(TARGET_NAME)";
				SWIFT_EMIT_LOC_STRINGS = YES;
				SWIFT_VERSION = 5.0;
				TARGETED_DEVICE_FAMILY = "1,2";
			};
			name = Debug;
		};
		66C18B77278BD0FC005042FE /* Release */ = {
			isa = XCBuildConfiguration;
			baseConfigurationReference = 4C9DCA9A9991E7F30EB15CC1 /* Pods-YeongApp.release.xcconfig */;
			buildSettings = {
				ASSETCATALOG_COMPILER_APPICON_NAME = AppIcon;
				ASSETCATALOG_COMPILER_GLOBAL_ACCENT_COLOR_NAME = AccentColor;
				CODE_SIGN_STYLE = Automatic;
				CURRENT_PROJECT_VERSION = 1;
				DEVELOPMENT_TEAM = 4LSK5RV54C;
				GENERATE_INFOPLIST_FILE = YES;
				INFOPLIST_FILE = YeongApp/Info.plist;
				INFOPLIST_KEY_UIApplicationSupportsIndirectInputEvents = YES;
				INFOPLIST_KEY_UILaunchStoryboardName = LaunchScreen;
				INFOPLIST_KEY_UIMainStoryboardFile = Main;
				INFOPLIST_KEY_UISupportedInterfaceOrientations_iPad = "UIInterfaceOrientationPortrait UIInterfaceOrientationPortraitUpsideDown UIInterfaceOrientationLandscapeLeft UIInterfaceOrientationLandscapeRight";
				INFOPLIST_KEY_UISupportedInterfaceOrientations_iPhone = "UIInterfaceOrientationPortrait UIInterfaceOrientationLandscapeLeft UIInterfaceOrientationLandscapeRight";
				IPHONEOS_DEPLOYMENT_TARGET = 12.0;
				LD_RUNPATH_SEARCH_PATHS = (
					"$(inherited)",
					"@executable_path/Frameworks",
				);
				MARKETING_VERSION = 1.0;
				PRODUCT_BUNDLE_IDENTIFIER = com.yeong.YeongApp;
				PRODUCT_NAME = "$(TARGET_NAME)";
				SWIFT_EMIT_LOC_STRINGS = YES;
				SWIFT_VERSION = 5.0;
				TARGETED_DEVICE_FAMILY = "1,2";
			};
			name = Release;
		};
		66C18B79278BD0FC005042FE /* Debug */ = {
			isa = XCBuildConfiguration;
			baseConfigurationReference = 67FC4D64C8570F58C24602F6 /* Pods-YeongAppTests.debug.xcconfig */;
			buildSettings = {
				ALWAYS_EMBED_SWIFT_STANDARD_LIBRARIES = YES;
				BUNDLE_LOADER = "$(TEST_HOST)";
				CODE_SIGN_STYLE = Automatic;
				CURRENT_PROJECT_VERSION = 1;
				DEVELOPMENT_TEAM = 4LSK5RV54C;
				GENERATE_INFOPLIST_FILE = YES;
				IPHONEOS_DEPLOYMENT_TARGET = 15.0;
				LD_RUNPATH_SEARCH_PATHS = (
					"$(inherited)",
					"@executable_path/Frameworks",
					"@loader_path/Frameworks",
				);
				MARKETING_VERSION = 1.0;
				PRODUCT_BUNDLE_IDENTIFIER = com.yeong.YeongAppTests;
				PRODUCT_NAME = "$(TARGET_NAME)";
				SWIFT_EMIT_LOC_STRINGS = NO;
				SWIFT_VERSION = 5.0;
				TARGETED_DEVICE_FAMILY = "1,2";
				TEST_HOST = "$(BUILT_PRODUCTS_DIR)/YeongApp.app/YeongApp";
			};
			name = Debug;
		};
		66C18B7A278BD0FC005042FE /* Release */ = {
			isa = XCBuildConfiguration;
			baseConfigurationReference = B6209A4428E43F582750C1B3 /* Pods-YeongAppTests.release.xcconfig */;
			buildSettings = {
				ALWAYS_EMBED_SWIFT_STANDARD_LIBRARIES = YES;
				BUNDLE_LOADER = "$(TEST_HOST)";
				CODE_SIGN_STYLE = Automatic;
				CURRENT_PROJECT_VERSION = 1;
				DEVELOPMENT_TEAM = 4LSK5RV54C;
				GENERATE_INFOPLIST_FILE = YES;
				IPHONEOS_DEPLOYMENT_TARGET = 15.0;
				LD_RUNPATH_SEARCH_PATHS = (
					"$(inherited)",
					"@executable_path/Frameworks",
					"@loader_path/Frameworks",
				);
				MARKETING_VERSION = 1.0;
				PRODUCT_BUNDLE_IDENTIFIER = com.yeong.YeongAppTests;
				PRODUCT_NAME = "$(TARGET_NAME)";
				SWIFT_EMIT_LOC_STRINGS = NO;
				SWIFT_VERSION = 5.0;
				TARGETED_DEVICE_FAMILY = "1,2";
				TEST_HOST = "$(BUILT_PRODUCTS_DIR)/YeongApp.app/YeongApp";
			};
			name = Release;
		};
		66C18B7C278BD0FC005042FE /* Debug */ = {
			isa = XCBuildConfiguration;
			baseConfigurationReference = EDDFA3343FB2D2383A388A08 /* Pods-YeongApp-YeongAppUITests.debug.xcconfig */;
			buildSettings = {
				ALWAYS_EMBED_SWIFT_STANDARD_LIBRARIES = YES;
				CODE_SIGN_STYLE = Automatic;
				CURRENT_PROJECT_VERSION = 1;
				DEVELOPMENT_TEAM = 4LSK5RV54C;
				GENERATE_INFOPLIST_FILE = YES;
				LD_RUNPATH_SEARCH_PATHS = (
					"$(inherited)",
					"@executable_path/Frameworks",
					"@loader_path/Frameworks",
				);
				MARKETING_VERSION = 1.0;
				PRODUCT_BUNDLE_IDENTIFIER = com.yeong.YeongAppUITests;
				PRODUCT_NAME = "$(TARGET_NAME)";
				SWIFT_EMIT_LOC_STRINGS = NO;
				SWIFT_VERSION = 5.0;
				TARGETED_DEVICE_FAMILY = "1,2";
				TEST_TARGET_NAME = YeongApp;
			};
			name = Debug;
		};
		66C18B7D278BD0FC005042FE /* Release */ = {
			isa = XCBuildConfiguration;
			baseConfigurationReference = 46BD6431D0270D615B4A5007 /* Pods-YeongApp-YeongAppUITests.release.xcconfig */;
			buildSettings = {
				ALWAYS_EMBED_SWIFT_STANDARD_LIBRARIES = YES;
				CODE_SIGN_STYLE = Automatic;
				CURRENT_PROJECT_VERSION = 1;
				DEVELOPMENT_TEAM = 4LSK5RV54C;
				GENERATE_INFOPLIST_FILE = YES;
				LD_RUNPATH_SEARCH_PATHS = (
					"$(inherited)",
					"@executable_path/Frameworks",
					"@loader_path/Frameworks",
				);
				MARKETING_VERSION = 1.0;
				PRODUCT_BUNDLE_IDENTIFIER = com.yeong.YeongAppUITests;
				PRODUCT_NAME = "$(TARGET_NAME)";
				SWIFT_EMIT_LOC_STRINGS = NO;
				SWIFT_VERSION = 5.0;
				TARGETED_DEVICE_FAMILY = "1,2";
				TEST_TARGET_NAME = YeongApp;
			};
			name = Release;
		};
/* End XCBuildConfiguration section */

/* Begin XCConfigurationList section */
		66C18B46278BD0FB005042FE /* Build configuration list for PBXProject "YeongApp" */ = {
			isa = XCConfigurationList;
			buildConfigurations = (
				66C18B73278BD0FC005042FE /* Debug */,
				66C18B74278BD0FC005042FE /* Release */,
			);
			defaultConfigurationIsVisible = 0;
			defaultConfigurationName = Release;
		};
		66C18B75278BD0FC005042FE /* Build configuration list for PBXNativeTarget "YeongApp" */ = {
			isa = XCConfigurationList;
			buildConfigurations = (
				66C18B76278BD0FC005042FE /* Debug */,
				66C18B77278BD0FC005042FE /* Release */,
			);
			defaultConfigurationIsVisible = 0;
			defaultConfigurationName = Release;
		};
		66C18B78278BD0FC005042FE /* Build configuration list for PBXNativeTarget "YeongAppTests" */ = {
			isa = XCConfigurationList;
			buildConfigurations = (
				66C18B79278BD0FC005042FE /* Debug */,
				66C18B7A278BD0FC005042FE /* Release */,
			);
			defaultConfigurationIsVisible = 0;
			defaultConfigurationName = Release;
		};
		66C18B7B278BD0FC005042FE /* Build configuration list for PBXNativeTarget "YeongAppUITests" */ = {
			isa = XCConfigurationList;
			buildConfigurations = (
				66C18B7C278BD0FC005042FE /* Debug */,
				66C18B7D278BD0FC005042FE /* Release */,
			);
			defaultConfigurationIsVisible = 0;
			defaultConfigurationName = Release;
		};
/* End XCConfigurationList section */

/* Begin XCVersionGroup section */
		6682A924279FD0000033BE63 /* Model.xcdatamodeld */ = {
			isa = XCVersionGroup;
			children = (
				6682A925279FD0000033BE63 /* Contact.xcdatamodel */,
			);
			currentVersion = 6682A925279FD0000033BE63 /* Contact.xcdatamodel */;
			path = Model.xcdatamodeld;
			sourceTree = "<group>";
			versionGroupType = wrapper.xcdatamodel;
		};
/* End XCVersionGroup section */
	};
	rootObject = 66C18B43278BD0FB005042FE /* Project object */;
}
